
Microsoft Visual Studio Solution File, Format Version 12.00
# Visual Studio 15
VisualStudioVersion = 15.0.28307.168
MinimumVisualStudioVersion = 10.0.40219.1
Project("{FAE04EC0-301F-11D3-BF4B-00C04F79EFBC}") = "LINQ", "LINQ\LINQ.csproj", "{0ADAC4D3-CF6A-4F91-8F5C-0564689C746D}"
EndProject
Global
	GlobalSection(SolutionConfigurationPlatforms) = preSolution
		Debug|Any CPU = Debug|Any CPU
		Release|Any CPU = Release|Any CPU
	EndGlobalSection
	GlobalSection(ProjectConfigurationPlatforms) = postSolution
		{0ADAC4D3-CF6A-4F91-8F5C-0564689C746D}.Debug|Any CPU.ActiveCfg = Debug|Any CPU
		{0ADAC4D3-CF6A-4F91-8F5C-0564689C746D}.Debug|Any CPU.Build.0 = Debug|Any CPU
		{0ADAC4D3-CF6A-4F91-8F5C-0564689C746D}.Release|Any CPU.ActiveCfg = Release|Any CPU
		{0ADAC4D3-CF6A-4F91-8F5C-0564689C746D}.Release|Any CPU.Build.0 = Release|Any CPU
	EndGlobalSection
	GlobalSection(SolutionProperties) = preSolution
		HideSolutionNode = FALSE
	EndGlobalSection
	GlobalSection(ExtensibilityGlobals) = postSolution
		SolutionGuid = {8386A8AB-97D0-40F0-8DC9-0345B8E215E6}
	EndGlobalSection
EndGlobal
